
Microsoft Visual Studio Solution File, Format Version 12.00
# Visual Studio 15
VisualStudioVersion = 15.0.27703.2035
MinimumVisualStudioVersion = 10.0.40219.1
Project("{FAE04EC0-301F-11D3-BF4B-00C04F79EFBC}") = "XF.Mapas.Android", "XF.Mapas\XF.Mapas.Android\XF.Mapas.Android.csproj", "{0DB3D457-A2A6-4FA7-8D9D-475F908B2AEE}"
EndProject
Project("{FAE04EC0-301F-11D3-BF4B-00C04F79EFBC}") = "XF.Mapas.iOS", "XF.Mapas\XF.Mapas.iOS\XF.Mapas.iOS.csproj", "{3B4F78A7-2B7E-4A30-A93C-FB771CD832F9}"
EndProject
Project("{FAE04EC0-301F-11D3-BF4B-00C04F79EFBC}") = "XF.Mapas", "XF.Mapas\XF.Mapas\XF.Mapas.csproj", "{9FCA8D28-B9AC-4088-982F-9122832D5EB9}"
EndProject
Global
	GlobalSection(SolutionConfigurationPlatforms) = preSolution
		Ad-Hoc|Any CPU = Ad-Hoc|Any CPU
		Ad-Hoc|iPhone = Ad-Hoc|iPhone
		Ad-Hoc|iPhoneSimulator = Ad-Hoc|iPhoneSimulator
		AppStore|Any CPU = AppStore|Any CPU
		AppStore|iPhone = AppStore|iPhone
		AppStore|iPhoneSimulator = AppStore|iPhoneSimulator
		Debug|Any CPU = Debug|Any CPU
		Debug|iPhone = Debug|iPhone
		Debug|iPhoneSimulator = Debug|iPhoneSimulator
		Release|Any CPU = Release|Any CPU
		Release|iPhone = Release|iPhone
		Release|iPhoneSimulator = Release|iPhoneSimulator
	EndGlobalSection
	GlobalSection(ProjectConfigurationPlatforms) = postSolution
		{0DB3D457-A2A6-4FA7-8D9D-475F908B2AEE}.Ad-Hoc|Any CPU.ActiveCfg = Release|Any CPU
		{0DB3D457-A2A6-4FA7-8D9D-475F908B2AEE}.Ad-Hoc|Any CPU.Build.0 = Release|Any CPU
		{0DB3D457-A2A6-4FA7-8D9D-475F908B2AEE}.Ad-Hoc|Any CPU.Deploy.0 = Release|Any CPU
		{0DB3D457-A2A6-4FA7-8D9D-475F908B2AEE}.Ad-Hoc|iPhone.ActiveCfg = Release|Any CPU
		{0DB3D457-A2A6-4FA7-8D9D-475F908B2AEE}.Ad-Hoc|iPhone.Build.0 = Release|Any CPU
		{0DB3D457-A2A6-4FA7-8D9D-475F908B2AEE}.Ad-Hoc|iPhone.Deploy.0 = Release|Any CPU
		{0DB3D457-A2A6-4FA7-8D9D-475F908B2AEE}.Ad-Hoc|iPhoneSimulator.ActiveCfg = Release|Any CPU
		{0DB3D457-A2A6-4FA7-8D9D-475F908B2AEE}.Ad-Hoc|iPhoneSimulator.Build.0 = Release|Any CPU
		{0DB3D457-A2A6-4FA7-8D9D-475F908B2AEE}.Ad-Hoc|iPhoneSimulator.Deploy.0 = Release|Any CPU
		{0DB3D457-A2A6-4FA7-8D9D-475F908B2AEE}.AppStore|Any CPU.ActiveCfg = Release|Any CPU
		{0DB3D457-A2A6-4FA7-8D9D-475F908B2AEE}.AppStore|Any CPU.Build.0 = Release|Any CPU
		{0DB3D457-A2A6-4FA7-8D9D-475F908B2AEE}.AppStore|Any CPU.Deploy.0 = Release|Any CPU
		{0DB3D457-A2A6-4FA7-8D9D-475F908B2AEE}.AppStore|iPhone.ActiveCfg = Release|Any CPU
		{0DB3D457-A2A6-4FA7-8D9D-475F908B2AEE}.AppStore|iPhone.Build.0 = Release|Any CPU
		{0DB3D457-A2A6-4FA7-8D9D-475F908B2AEE}.AppStore|iPhone.Deploy.0 = Release|Any CPU
		{0DB3D457-A2A6-4FA7-8D9D-475F908B2AEE}.AppStore|iPhoneSimulator.ActiveCfg = Release|Any CPU
		{0DB3D457-A2A6-4FA7-8D9D-475F908B2AEE}.AppStore|iPhoneSimulator.Build.0 = Release|Any CPU
		{0DB3D457-A2A6-4FA7-8D9D-475F908B2AEE}.AppStore|iPhoneSimulator.Deploy.0 = Release|Any CPU
		{0DB3D457-A2A6-4FA7-8D9D-475F908B2AEE}.Debug|Any CPU.ActiveCfg = Debug|Any CPU
		{0DB3D457-A2A6-4FA7-8D9D-475F908B2AEE}.Debug|Any CPU.Build.0 = Debug|Any CPU
		{0DB3D457-A2A6-4FA7-8D9D-475F908B2AEE}.Debug|Any CPU.Deploy.0 = Debug|Any CPU
		{0DB3D457-A2A6-4FA7-8D9D-475F908B2AEE}.Debug|iPhone.ActiveCfg = Debug|Any CPU
		{0DB3D457-A2A6-4FA7-8D9D-475F908B2AEE}.Debug|iPhone.Build.0 = Debug|Any CPU
		{0DB3D457-A2A6-4FA7-8D9D-475F908B2AEE}.Debug|iPhone.Deploy.0 = Debug|Any CPU
		{0DB3D457-A2A6-4FA7-8D9D-475F908B2AEE}.Debug|iPhoneSimulator.ActiveCfg = Debug|Any CPU
		{0DB3D457-A2A6-4FA7-8D9D-475F908B2AEE}.Debug|iPhoneSimulator.Build.0 = Debug|Any CPU
		{0DB3D457-A2A6-4FA7-8D9D-475F908B2AEE}.Debug|iPhoneSimulator.Deploy.0 = Debug|Any CPU
		{0DB3D457-A2A6-4FA7-8D9D-475F908B2AEE}.Release|Any CPU.ActiveCfg = Release|Any CPU
		{0DB3D457-A2A6-4FA7-8D9D-475F908B2AEE}.Release|Any CPU.Build.0 = Release|Any CPU
		{0DB3D457-A2A6-4FA7-8D9D-475F908B2AEE}.Release|Any CPU.Deploy.0 = Release|Any CPU
		{0DB3D457-A2A6-4FA7-8D9D-475F908B2AEE}.Release|iPhone.ActiveCfg = Release|Any CPU
		{0DB3D457-A2A6-4FA7-8D9D-475F908B2AEE}.Release|iPhone.Build.0 = Release|Any CPU
		{0DB3D457-A2A6-4FA7-8D9D-475F908B2AEE}.Release|iPhone.Deploy.0 = Release|Any CPU
		{0DB3D457-A2A6-4FA7-8D9D-475F908B2AEE}.Release|iPhoneSimulator.ActiveCfg = Release|Any CPU
		{0DB3D457-A2A6-4FA7-8D9D-475F908B2AEE}.Release|iPhoneSimulator.Build.0 = Release|Any CPU
		{0DB3D457-A2A6-4FA7-8D9D-475F908B2AEE}.Release|iPhoneSimulator.Deploy.0 = Release|Any CPU
		{3B4F78A7-2B7E-4A30-A93C-FB771CD832F9}.Ad-Hoc|Any CPU.ActiveCfg = Ad-Hoc|iPhone
		{3B4F78A7-2B7E-4A30-A93C-FB771CD832F9}.Ad-Hoc|Any CPU.Build.0 = Ad-Hoc|iPhone
		{3B4F78A7-2B7E-4A30-A93C-FB771CD832F9}.Ad-Hoc|Any CPU.Deploy.0 = Ad-Hoc|iPhone
		{3B4F78A7-2B7E-4A30-A93C-FB771CD832F9}.Ad-Hoc|iPhone.ActiveCfg = Ad-Hoc|iPhone
		{3B4F78A7-2B7E-4A30-A93C-FB771CD832F9}.Ad-Hoc|iPhone.Build.0 = Ad-Hoc|iPhone
		{3B4F78A7-2B7E-4A30-A93C-FB771CD832F9}.Ad-Hoc|iPhone.Deploy.0 = Ad-Hoc|iPhone
		{3B4F78A7-2B7E-4A30-A93C-FB771CD832F9}.Ad-Hoc|iPhoneSimulator.ActiveCfg = Ad-Hoc|iPhoneSimulator
		{3B4F78A7-2B7E-4A30-A93C-FB771CD832F9}.Ad-Hoc|iPhoneSimulator.Build.0 = Ad-Hoc|iPhoneSimulator
		{3B4F78A7-2B7E-4A30-A93C-FB771CD832F9}.Ad-Hoc|iPhoneSimulator.Deploy.0 = Ad-Hoc|iPhoneSimulator
		{3B4F78A7-2B7E-4A30-A93C-FB771CD832F9}.AppStore|Any CPU.ActiveCfg = AppStore|iPhone
		{3B4F78A7-2B7E-4A30-A93C-FB771CD832F9}.AppStore|Any CPU.Build.0 = AppStore|iPhone
		{3B4F78A7-2B7E-4A30-A93C-FB771CD832F9}.AppStore|Any CPU.Deploy.0 = AppStore|iPhone
		{3B4F78A7-2B7E-4A30-A93C-FB771CD832F9}.AppStore|iPhone.ActiveCfg = AppStore|iPhone
		{3B4F78A7-2B7E-4A30-A93C-FB771CD832F9}.AppStore|iPhone.Build.0 = AppStore|iPhone
		{3B4F78A7-2B7E-4A30-A93C-FB771CD832F9}.AppStore|iPhone.Deploy.0 = AppStore|iPhone
		{3B4F78A7-2B7E-4A30-A93C-FB771CD832F9}.AppStore|iPhoneSimulator.ActiveCfg = AppStore|iPhoneSimulator
		{3B4F78A7-2B7E-4A30-A93C-FB771CD832F9}.AppStore|iPhoneSimulator.Build.0 = AppStore|iPhoneSimulator
		{3B4F78A7-2B7E-4A30-A93C-FB771CD832F9}.AppStore|iPhoneSimulator.Deploy.0 = AppStore|iPhoneSimulator
		{3B4F78A7-2B7E-4A30-A93C-FB771CD832F9}.Debug|Any CPU.ActiveCfg = Debug|iPhoneSimulator
		{3B4F78A7-2B7E-4A30-A93C-FB771CD832F9}.Debug|Any CPU.Build.0 = Debug|iPhoneSimulator
		{3B4F78A7-2B7E-4A30-A93C-FB771CD832F9}.Debug|Any CPU.Deploy.0 = Debug|iPhoneSimulator
		{3B4F78A7-2B7E-4A30-A93C-FB771CD832F9}.Debug|iPhone.ActiveCfg = Debug|iPhone
		{3B4F78A7-2B7E-4A30-A93C-FB771CD832F9}.Debug|iPhone.Build.0 = Debug|iPhone
		{3B4F78A7-2B7E-4A30-A93C-FB771CD832F9}.Debug|iPhone.Deploy.0 = Debug|iPhone
		{3B4F78A7-2B7E-4A30-A93C-FB771CD832F9}.Debug|iPhoneSimulator.ActiveCfg = Debug|iPhoneSimulator
		{3B4F78A7-2B7E-4A30-A93C-FB771CD832F9}.Debug|iPhoneSimulator.Build.0 = Debug|iPhoneSimulator
		{3B4F78A7-2B7E-4A30-A93C-FB771CD832F9}.Debug|iPhoneSimulator.Deploy.0 = Debug|iPhoneSimulator
		{3B4F78A7-2B7E-4A30-A93C-FB771CD832F9}.Release|Any CPU.ActiveCfg = Release|iPhone
		{3B4F78A7-2B7E-4A30-A93C-FB771CD832F9}.Release|Any CPU.Build.0 = Release|iPhone
		{3B4F78A7-2B7E-4A30-A93C-FB771CD832F9}.Release|Any CPU.Deploy.0 = Release|iPhone
		{3B4F78A7-2B7E-4A30-A93C-FB771CD832F9}.Release|iPhone.ActiveCfg = Release|iPhone
		{3B4F78A7-2B7E-4A30-A93C-FB771CD832F9}.Release|iPhone.Build.0 = Release|iPhone
		{3B4F78A7-2B7E-4A30-A93C-FB771CD832F9}.Release|iPhone.Deploy.0 = Release|iPhone
		{3B4F78A7-2B7E-4A30-A93C-FB771CD832F9}.Release|iPhoneSimulator.ActiveCfg = Release|iPhoneSimulator
		{3B4F78A7-2B7E-4A30-A93C-FB771CD832F9}.Release|iPhoneSimulator.Build.0 = Release|iPhoneSimulator
		{3B4F78A7-2B7E-4A30-A93C-FB771CD832F9}.Release|iPhoneSimulator.Deploy.0 = Release|iPhoneSimulator
		{9FCA8D28-B9AC-4088-982F-9122832D5EB9}.Ad-Hoc|Any CPU.ActiveCfg = Debug|Any CPU
		{9FCA8D28-B9AC-4088-982F-9122832D5EB9}.Ad-Hoc|Any CPU.Build.0 = Debug|Any CPU
		{9FCA8D28-B9AC-4088-982F-9122832D5EB9}.Ad-Hoc|Any CPU.Deploy.0 = Debug|Any CPU
		{9FCA8D28-B9AC-4088-982F-9122832D5EB9}.Ad-Hoc|iPhone.ActiveCfg = Debug|Any CPU
		{9FCA8D28-B9AC-4088-982F-9122832D5EB9}.Ad-Hoc|iPhone.Build.0 = Debug|Any CPU
		{9FCA8D28-B9AC-4088-982F-9122832D5EB9}.Ad-Hoc|iPhone.Deploy.0 = Debug|Any CPU
		{9FCA8D28-B9AC-4088-982F-9122832D5EB9}.Ad-Hoc|iPhoneSimulator.ActiveCfg = Debug|Any CPU
		{9FCA8D28-B9AC-4088-982F-9122832D5EB9}.Ad-Hoc|iPhoneSimulator.Build.0 = Debug|Any CPU
		{9FCA8D28-B9AC-4088-982F-9122832D5EB9}.Ad-Hoc|iPhoneSimulator.Deploy.0 = Debug|Any CPU
		{9FCA8D28-B9AC-4088-982F-9122832D5EB9}.AppStore|Any CPU.ActiveCfg = Debug|Any CPU
		{9FCA8D28-B9AC-4088-982F-9122832D5EB9}.AppStore|Any CPU.Build.0 = Debug|Any CPU
		{9FCA8D28-B9AC-4088-982F-9122832D5EB9}.AppStore|Any CPU.Deploy.0 = Debug|Any CPU
		{9FCA8D28-B9AC-4088-982F-9122832D5EB9}.AppStore|iPhone.ActiveCfg = Debug|Any CPU
		{9FCA8D28-B9AC-4088-982F-9122832D5EB9}.AppStore|iPhone.Build.0 = Debug|Any CPU
		{9FCA8D28-B9AC-4088-982F-9122832D5EB9}.AppStore|iPhone.Deploy.0 = Debug|Any CPU
		{9FCA8D28-B9AC-4088-982F-9122832D5EB9}.AppStore|iPhoneSimulator.ActiveCfg = Debug|Any CPU
		{9FCA8D28-B9AC-4088-982F-9122832D5EB9}.AppStore|iPhoneSimulator.Build.0 = Debug|Any CPU
		{9FCA8D28-B9AC-4088-982F-9122832D5EB9}.AppStore|iPhoneSimulator.Deploy.0 = Debug|Any CPU
		{9FCA8D28-B9AC-4088-982F-9122832D5EB9}.Debug|Any CPU.ActiveCfg = Debug|Any CPU
		{9FCA8D28-B9AC-4088-982F-9122832D5EB9}.Debug|Any CPU.Build.0 = Debug|Any CPU
		{9FCA8D28-B9AC-4088-982F-9122832D5EB9}.Debug|Any CPU.Deploy.0 = Debug|Any CPU
		{9FCA8D28-B9AC-4088-982F-9122832D5EB9}.Debug|iPhone.ActiveCfg = Debug|Any CPU
		{9FCA8D28-B9AC-4088-982F-9122832D5EB9}.Debug|iPhone.Build.0 = Debug|Any CPU
		{9FCA8D28-B9AC-4088-982F-9122832D5EB9}.Debug|iPhone.Deploy.0 = Debug|Any CPU
		{9FCA8D28-B9AC-4088-982F-9122832D5EB9}.Debug|iPhoneSimulator.ActiveCfg = Debug|Any CPU
		{9FCA8D28-B9AC-4088-982F-9122832D5EB9}.Debug|iPhoneSimulator.Build.0 = Debug|Any CPU
		{9FCA8D28-B9AC-4088-982F-9122832D5EB9}.Debug|iPhoneSimulator.Deploy.0 = Debug|Any CPU
		{9FCA8D28-B9AC-4088-982F-9122832D5EB9}.Release|Any CPU.ActiveCfg = Release|Any CPU
		{9FCA8D28-B9AC-4088-982F-9122832D5EB9}.Release|Any CPU.Build.0 = Release|Any CPU
		{9FCA8D28-B9AC-4088-982F-9122832D5EB9}.Release|Any CPU.Deploy.0 = Release|Any CPU
		{9FCA8D28-B9AC-4088-982F-9122832D5EB9}.Release|iPhone.ActiveCfg = Release|Any CPU
		{9FCA8D28-B9AC-4088-982F-9122832D5EB9}.Release|iPhone.Build.0 = Release|Any CPU
		{9FCA8D28-B9AC-4088-982F-9122832D5EB9}.Release|iPhone.Deploy.0 = Release|Any CPU
		{9FCA8D28-B9AC-4088-982F-9122832D5EB9}.Release|iPhoneSimulator.ActiveCfg = Release|Any CPU
		{9FCA8D28-B9AC-4088-982F-9122832D5EB9}.Release|iPhoneSimulator.Build.0 = Release|Any CPU
		{9FCA8D28-B9AC-4088-982F-9122832D5EB9}.Release|iPhoneSimulator.Deploy.0 = Release|Any CPU
	EndGlobalSection
	GlobalSection(SolutionProperties) = preSolution
		HideSolutionNode = FALSE
	EndGlobalSection
	GlobalSection(ExtensibilityGlobals) = postSolution
		SolutionGuid = {F381AC84-ACE6-4A6C-BE1C-07307B0AB5E2}
	EndGlobalSection
EndGlobal
